
Microsoft Visual Studio Solution File, Format Version 12.00
# Visual Studio Version 17
VisualStudioVersion = 17.2.32526.322
MinimumVisualStudioVersion = 10.0.40219.1
Project("{9A19103F-16F7-4668-BE54-9A1E7A4F7556}") = "Shopping.Domain", "Shopping.Domain\Shopping.Domain.csproj", "{4F115903-0985-40B2-BED2-6B9DDE224185}"
EndProject
Project("{9A19103F-16F7-4668-BE54-9A1E7A4F7556}") = "Shopping.Application", "Shopping.Application\Shopping.Application.csproj", "{37C0C9B1-AF6F-4CBD-B2C7-5FE1A9A646ED}"
EndProject
Project("{9A19103F-16F7-4668-BE54-9A1E7A4F7556}") = "Shopping.Infrastructure", "Shopping.Infrastructure\Shopping.Infrastructure.csproj", "{DBFCA153-DE37-4A25-AA46-191DDAB59651}"
EndProject
Project("{9A19103F-16F7-4668-BE54-9A1E7A4F7556}") = "Shopping.WebAPI", "Shopping.WebAPI\Shopping.WebAPI.csproj", "{F784940A-923E-4AB0-82CE-939F74997E38}"
EndProject
Global
	GlobalSection(SolutionConfigurationPlatforms) = preSolution
		Debug|Any CPU = Debug|Any CPU
		Release|Any CPU = Release|Any CPU
	EndGlobalSection
	GlobalSection(ProjectConfigurationPlatforms) = postSolution
		{4F115903-0985-40B2-BED2-6B9DDE224185}.Debug|Any CPU.ActiveCfg = Debug|Any CPU
		{4F115903-0985-40B2-BED2-6B9DDE224185}.Debug|Any CPU.Build.0 = Debug|Any CPU
		{4F115903-0985-40B2-BED2-6B9DDE224185}.Release|Any CPU.ActiveCfg = Release|Any CPU
		{4F115903-0985-40B2-BED2-6B9DDE224185}.Release|Any CPU.Build.0 = Release|Any CPU
		{37C0C9B1-AF6F-4CBD-B2C7-5FE1A9A646ED}.Debug|Any CPU.ActiveCfg = Debug|Any CPU
		{37C0C9B1-AF6F-4CBD-B2C7-5FE1A9A646ED}.Debug|Any CPU.Build.0 = Debug|Any CPU
		{37C0C9B1-AF6F-4CBD-B2C7-5FE1A9A646ED}.Release|Any CPU.ActiveCfg = Release|Any CPU
		{37C0C9B1-AF6F-4CBD-B2C7-5FE1A9A646ED}.Release|Any CPU.Build.0 = Release|Any CPU
		{DBFCA153-DE37-4A25-AA46-191DDAB59651}.Debug|Any CPU.ActiveCfg = Debug|Any CPU
		{DBFCA153-DE37-4A25-AA46-191DDAB59651}.Debug|Any CPU.Build.0 = Debug|Any CPU
		{DBFCA153-DE37-4A25-AA46-191DDAB59651}.Release|Any CPU.ActiveCfg = Release|Any CPU
		{DBFCA153-DE37-4A25-AA46-191DDAB59651}.Release|Any CPU.Build.0 = Release|Any CPU
		{F784940A-923E-4AB0-82CE-939F74997E38}.Debug|Any CPU.ActiveCfg = Debug|Any CPU
		{F784940A-923E-4AB0-82CE-939F74997E38}.Debug|Any CPU.Build.0 = Debug|Any CPU
		{F784940A-923E-4AB0-82CE-939F74997E38}.Release|Any CPU.ActiveCfg = Release|Any CPU
		{F784940A-923E-4AB0-82CE-939F74997E38}.Release|Any CPU.Build.0 = Release|Any CPU
	EndGlobalSection
	GlobalSection(SolutionProperties) = preSolution
		HideSolutionNode = FALSE
	EndGlobalSection
	GlobalSection(ExtensibilityGlobals) = postSolution
		SolutionGuid = {C565C4CF-555D-4ABF-9F25-1666400BBC09}
	EndGlobalSection
EndGlobal
